<?xml version="1.0" encoding="utf-8"?>
<Project ToolsVersion="4.0" xmlns="http://schemas.microsoft.com/developer/msbuild/2003">
  <ItemGroup>
    <Filter Include="source">
      <UniqueIdentifier>{ce1d9ba1-a47c-4063-937a-3ab1cee9e135}</UniqueIdentifier>
    </Filter>
  </ItemGroup>
  <ItemGroup>
    <ClCompile Include="Source\AnimatedMesh.cpp">
      <Filter>source</Filter>
    </ClCompile>
    <ClCompile Include="Source\Application.cpp">
      <Filter>source</Filter>
    </ClCompile>
    <ClCompile Include="Source\AudioManager.cpp">
      <Filter>source</Filter>
    </ClCompile>
    <ClCompile Include="Source\AudioObserver.cpp">
      <Filter>source</Filter>
    </ClCompile>
    <ClCompile Include="Source\Camera.cpp">
      <Filter>source</Filter>
    </ClCompile>
    <ClCompile Include="Source\CameraComponent.cpp">
      <Filter>source</Filter>
    </ClCompile>
    <ClCompile Include="Source\CameraScript.cpp">
      <Filter>source</Filter>
    </ClCompile>
    <ClCompile Include="Source\CollisionManager.cpp">
      <Filter>source</Filter>
    </ClCompile>
    <ClCompile Include="Source\ColorFBO.cpp">
      <Filter>source</Filter>
    </ClCompile>
    <ClCompile Include="Source\Component.cpp">
      <Filter>source</Filter>
    </ClCompile>
    <ClCompile Include="Source\ComponentBase.cpp">
      <Filter>source</Filter>
    </ClCompile>
    <ClCompile Include="Source\DataContainer.cpp">
      <Filter>source</Filter>
    </ClCompile>
    <ClCompile Include="Source\DefaultScene.cpp">
      <Filter>source</Filter>
    </ClCompile>
    <ClCompile Include="Source\DepthFBO.cpp">
      <Filter>source</Filter>
    </ClCompile>
    <ClCompile Include="Source\Engine.cpp">
      <Filter>source</Filter>
    </ClCompile>
    <ClCompile Include="Source\FPSScript.cpp">
      <Filter>source</Filter>
    </ClCompile>
    <ClCompile Include="Source\GameObject.cpp">
      <Filter>source</Filter>
    </ClCompile>
    <ClCompile Include="Source\GameObjectManager.cpp">
      <Filter>source</Filter>
    </ClCompile>
    <ClCompile Include="Source\GenericSubject.cpp">
      <Filter>source</Filter>
    </ClCompile>
    <ClCompile Include="Source\InputBinding.cpp">
      <Filter>source</Filter>
    </ClCompile>
    <ClCompile Include="Source\InputManager.cpp">
      <Filter>source</Filter>
    </ClCompile>
    <ClCompile Include="Source\KeyboardManager.cpp">
      <Filter>source</Filter>
    </ClCompile>
    <ClCompile Include="Source\LayerData.cpp">
      <Filter>source</Filter>
    </ClCompile>
    <ClCompile Include="Source\LightManager.cpp">
      <Filter>source</Filter>
    </ClCompile>
    <ClCompile Include="Source\LoadHmap.cpp">
      <Filter>source</Filter>
    </ClCompile>
    <ClCompile Include="Source\LoadOBJ.cpp">
      <Filter>source</Filter>
    </ClCompile>
    <ClCompile Include="Source\LoadTGA.cpp">
      <Filter>source</Filter>
    </ClCompile>
    <ClCompile Include="Source\Locator.cpp">
      <Filter>source</Filter>
    </ClCompile>
    <ClCompile Include="Source\LogData.cpp">
      <Filter>source</Filter>
    </ClCompile>
    <ClCompile Include="Source\Logger.cpp">
      <Filter>source</Filter>
    </ClCompile>
    <ClCompile Include="Source\main.cpp">
      <Filter>source</Filter>
    </ClCompile>
    <ClCompile Include="Source\Mesh.cpp">
      <Filter>source</Filter>
    </ClCompile>
    <ClCompile Include="Source\MeshBuilder.cpp">
      <Filter>source</Filter>
    </ClCompile>
    <ClCompile Include="Source\MeshController.cpp">
      <Filter>source</Filter>
    </ClCompile>
    <ClCompile Include="Source\Message.cpp">
      <Filter>source</Filter>
    </ClCompile>
    <ClCompile Include="Source\MouseManager.cpp">
      <Filter>source</Filter>
    </ClCompile>
    <ClCompile Include="Source\ObserverBase.cpp">
      <Filter>source</Filter>
    </ClCompile>
    <ClCompile Include="Source\ObserverComponent.cpp">
      <Filter>source</Filter>
    </ClCompile>
    <ClCompile Include="Source\ParticleScript.cpp">
      <Filter>source</Filter>
    </ClCompile>
    <ClCompile Include="Source\ParticleSpawnerScript.cpp">
      <Filter>source</Filter>
    </ClCompile>
    <ClCompile Include="Source\PhysicsMaterial.cpp">
      <Filter>source</Filter>
    </ClCompile>
    <ClCompile Include="Source\Preferences.cpp">
      <Filter>source</Filter>
    </ClCompile>
    <ClCompile Include="Source\RenderComponent.cpp">
      <Filter>source</Filter>
    </ClCompile>
    <ClCompile Include="Source\RenderingManager.cpp">
      <Filter>source</Filter>
    </ClCompile>
    <ClCompile Include="Source\RenderingManagerBase.cpp">
      <Filter>source</Filter>
    </ClCompile>
    <ClCompile Include="Source\Resources.cpp">
      <Filter>source</Filter>
    </ClCompile>
    <ClCompile Include="Source\Rigidbody.cpp">
      <Filter>source</Filter>
    </ClCompile>
    <ClCompile Include="Source\Scene.cpp">
      <Filter>source</Filter>
    </ClCompile>
    <ClCompile Include="Source\SceneManager.cpp">
      <Filter>source</Filter>
    </ClCompile>
    <ClCompile Include="Source\ScriptComponent.cpp">
      <Filter>source</Filter>
    </ClCompile>
    <ClCompile Include="Source\shader.cpp">
      <Filter>source</Filter>
    </ClCompile>
    <ClCompile Include="Source\StopWatch.cpp">
      <Filter>source</Filter>
    </ClCompile>
    <ClCompile Include="Source\Time.cpp">
      <Filter>source</Filter>
    </ClCompile>
    <ClCompile Include="Source\TransformComponent.cpp">
      <Filter>source</Filter>
    </ClCompile>
    <ClCompile Include="Source\UIButtonComponent.cpp">
      <Filter>source</Filter>
    </ClCompile>
    <ClCompile Include="Source\Utility.cpp">
      <Filter>source</Filter>
    </ClCompile>
    <ClCompile Include="Source\WorldValues.cpp">
      <Filter>source</Filter>
    </ClCompile>
    <ClCompile Include="source\ClientSystem.cpp" />
    <ClCompile Include="source\InputScript.cpp" />
    <ClCompile Include="source\MessageObserver.cpp" />
  </ItemGroup>
  <ItemGroup>
    <ClInclude Include="Source\AnimatedMesh.h">
      <Filter>source</Filter>
    </ClInclude>
    <ClInclude Include="Source\Animation.h">
      <Filter>source</Filter>
    </ClInclude>
    <ClInclude Include="Source\Application.h">
      <Filter>source</Filter>
    </ClInclude>
    <ClInclude Include="Source\AudioManager.h">
      <Filter>source</Filter>
    </ClInclude>
    <ClInclude Include="Source\AudioObserver.h">
      <Filter>source</Filter>
    </ClInclude>
    <ClInclude Include="Source\Camera.h">
      <Filter>source</Filter>
    </ClInclude>
    <ClInclude Include="Source\CameraComponent.h">
      <Filter>source</Filter>
    </ClInclude>
    <ClInclude Include="Source\CameraScript.h">
      <Filter>source</Filter>
    </ClInclude>
    <ClInclude Include="Source\CollisionManager.h">
      <Filter>source</Filter>
    </ClInclude>
    <ClInclude Include="Source\ColorFBO.h">
      <Filter>source</Filter>
    </ClInclude>
    <ClInclude Include="Source\Component.h">
      <Filter>source</Filter>
    </ClInclude>
    <ClInclude Include="Source\ComponentBase.h">
      <Filter>source</Filter>
    </ClInclude>
    <ClInclude Include="Source\ComponentMacros.h">
      <Filter>source</Filter>
    </ClInclude>
    <ClInclude Include="Source\DataContainer.h">
      <Filter>source</Filter>
    </ClInclude>
    <ClInclude Include="Source\DefaultScene.h">
      <Filter>source</Filter>
    </ClInclude>
    <ClInclude Include="Source\DepthFBO.h">
      <Filter>source</Filter>
    </ClInclude>
    <ClInclude Include="Source\Engine.h">
      <Filter>source</Filter>
    </ClInclude>
    <ClInclude Include="Source\FPSScript.h">
      <Filter>source</Filter>
    </ClInclude>
    <ClInclude Include="Source\GameObject.h">
      <Filter>source</Filter>
    </ClInclude>
    <ClInclude Include="Source\GameObjectManager.h">
      <Filter>source</Filter>
    </ClInclude>
    <ClInclude Include="Source\GenericSubject.h">
      <Filter>source</Filter>
    </ClInclude>
    <ClInclude Include="Source\InputBinding.h">
      <Filter>source</Filter>
    </ClInclude>
    <ClInclude Include="Source\InputDeviceManager.h">
      <Filter>source</Filter>
    </ClInclude>
    <ClInclude Include="Source\InputManager.h">
      <Filter>source</Filter>
    </ClInclude>
    <ClInclude Include="Source\KeyboardManager.h">
      <Filter>source</Filter>
    </ClInclude>
    <ClInclude Include="Source\LayerData.h">
      <Filter>source</Filter>
    </ClInclude>
    <ClInclude Include="Source\Light.h">
      <Filter>source</Filter>
    </ClInclude>
    <ClInclude Include="Source\LightManager.h">
      <Filter>source</Filter>
    </ClInclude>
    <ClInclude Include="Source\LoadHmap.h">
      <Filter>source</Filter>
    </ClInclude>
    <ClInclude Include="Source\LoadOBJ.h">
      <Filter>source</Filter>
    </ClInclude>
    <ClInclude Include="Source\LoadTGA.h">
      <Filter>source</Filter>
    </ClInclude>
    <ClInclude Include="Source\Locator.h">
      <Filter>source</Filter>
    </ClInclude>
    <ClInclude Include="Source\LogData.h">
      <Filter>source</Filter>
    </ClInclude>
    <ClInclude Include="Source\Logger.h">
      <Filter>source</Filter>
    </ClInclude>
    <ClInclude Include="Source\Material.h">
      <Filter>source</Filter>
    </ClInclude>
    <ClInclude Include="Source\Mesh.h">
      <Filter>source</Filter>
    </ClInclude>
    <ClInclude Include="Source\MeshBuilder.h">
      <Filter>source</Filter>
    </ClInclude>
    <ClInclude Include="Source\MeshController.h">
      <Filter>source</Filter>
    </ClInclude>
    <ClInclude Include="Source\Message.h">
      <Filter>source</Filter>
    </ClInclude>
    <ClInclude Include="Source\MouseManager.h">
      <Filter>source</Filter>
    </ClInclude>
    <ClInclude Include="Source\ObserverBase.h">
      <Filter>source</Filter>
    </ClInclude>
    <ClInclude Include="Source\ObserverComponent.h">
      <Filter>source</Filter>
    </ClInclude>
    <ClInclude Include="Source\ParticleScript.h">
      <Filter>source</Filter>
    </ClInclude>
    <ClInclude Include="Source\ParticleSpawnerScript.h">
      <Filter>source</Filter>
    </ClInclude>
    <ClInclude Include="Source\PhysicsMaterial.h">
      <Filter>source</Filter>
    </ClInclude>
    <ClInclude Include="Source\Preferences.h">
      <Filter>source</Filter>
    </ClInclude>
    <ClInclude Include="Source\RenderComponent.h">
      <Filter>source</Filter>
    </ClInclude>
    <ClInclude Include="Source\Renderer.h">
      <Filter>source</Filter>
    </ClInclude>
    <ClInclude Include="Source\RenderingManager.h">
      <Filter>source</Filter>
    </ClInclude>
    <ClInclude Include="Source\RenderingManagerBase.h">
      <Filter>source</Filter>
    </ClInclude>
    <ClInclude Include="Source\Resources.h">
      <Filter>source</Filter>
    </ClInclude>
    <ClInclude Include="Source\Rigidbody.h">
      <Filter>source</Filter>
    </ClInclude>
    <ClInclude Include="Source\Scene.h">
      <Filter>source</Filter>
    </ClInclude>
    <ClInclude Include="Source\SceneManager.h">
      <Filter>source</Filter>
    </ClInclude>
    <ClInclude Include="Source\ScriptComponent.h">
      <Filter>source</Filter>
    </ClInclude>
    <ClInclude Include="Source\shader.hpp">
      <Filter>source</Filter>
    </ClInclude>
    <ClInclude Include="Source\Singleton.h">
      <Filter>source</Filter>
    </ClInclude>
    <ClInclude Include="Source\StopWatch.h">
      <Filter>source</Filter>
    </ClInclude>
    <ClInclude Include="Source\Time.h">
      <Filter>source</Filter>
    </ClInclude>
    <ClInclude Include="Source\TransformComponent.h">
      <Filter>source</Filter>
    </ClInclude>
    <ClInclude Include="Source\UIButtonComponent.h">
      <Filter>source</Filter>
    </ClInclude>
    <ClInclude Include="Source\Utility.h">
      <Filter>source</Filter>
    </ClInclude>
    <ClInclude Include="Source\Vertex.h">
      <Filter>source</Filter>
    </ClInclude>
    <ClInclude Include="Source\WorldValues.h">
      <Filter>source</Filter>
    </ClInclude>
    <ClInclude Include="source\ClientSystem.h" />
    <ClInclude Include="source\InputScript.h" />
    <ClInclude Include="source\MessageObserver.h" />
  </ItemGroup>
</Project>